
Microsoft Visual Studio Solution File, Format Version 12.00
# Visual Studio Version 17
VisualStudioVersion = 17.10.34928.147
MinimumVisualStudioVersion = 10.0.40219.1
Project("{FAE04EC0-301F-11D3-BF4B-00C04F79EFBC}") = "SistemaVenta.Entity", "SistemaVenta.Entity\SistemaVenta.Entity.csproj", "{B7B375A5-3829-49A3-A048-BFB15D7E61EB}"
EndProject
Project("{FAE04EC0-301F-11D3-BF4B-00C04F79EFBC}") = "SistemaVenta.DAL", "SistemaVenta.DAL\SistemaVenta.DAL.csproj", "{BD22E203-2B71-40C5-BDBF-A8EDB45F05CC}"
EndProject
Project("{FAE04EC0-301F-11D3-BF4B-00C04F79EFBC}") = "SistemaVenta.BLL", "SistemaVenta.BLL\SistemaVenta.BLL.csproj", "{96A91EB7-A22E-434D-8B9A-314978C60583}"
EndProject
Project("{FAE04EC0-301F-11D3-BF4B-00C04F79EFBC}") = "SistemaVenta.IOC", "SistemaVenta.IOC\SistemaVenta.IOC.csproj", "{3D2B70D4-26BE-4665-B9AD-63C76298A04F}"
EndProject
Project("{FAE04EC0-301F-11D3-BF4B-00C04F79EFBC}") = "SistemaVenta.AplicacionWeb", "SistemaVenta.AplicacionWeb\SistemaVenta.AplicacionWeb.csproj", "{E49A0DDC-B485-4D30-B77D-2CE3335BF54C}"
EndProject
Global
	GlobalSection(SolutionConfigurationPlatforms) = preSolution
		Debug|Any CPU = Debug|Any CPU
		Release|Any CPU = Release|Any CPU
	EndGlobalSection
	GlobalSection(ProjectConfigurationPlatforms) = postSolution
		{B7B375A5-3829-49A3-A048-BFB15D7E61EB}.Debug|Any CPU.ActiveCfg = Debug|Any CPU
		{B7B375A5-3829-49A3-A048-BFB15D7E61EB}.Debug|Any CPU.Build.0 = Debug|Any CPU
		{B7B375A5-3829-49A3-A048-BFB15D7E61EB}.Release|Any CPU.ActiveCfg = Release|Any CPU
		{B7B375A5-3829-49A3-A048-BFB15D7E61EB}.Release|Any CPU.Build.0 = Release|Any CPU
		{BD22E203-2B71-40C5-BDBF-A8EDB45F05CC}.Debug|Any CPU.ActiveCfg = Debug|Any CPU
		{BD22E203-2B71-40C5-BDBF-A8EDB45F05CC}.Debug|Any CPU.Build.0 = Debug|Any CPU
		{BD22E203-2B71-40C5-BDBF-A8EDB45F05CC}.Release|Any CPU.ActiveCfg = Release|Any CPU
		{BD22E203-2B71-40C5-BDBF-A8EDB45F05CC}.Release|Any CPU.Build.0 = Release|Any CPU
		{96A91EB7-A22E-434D-8B9A-314978C60583}.Debug|Any CPU.ActiveCfg = Debug|Any CPU
		{96A91EB7-A22E-434D-8B9A-314978C60583}.Debug|Any CPU.Build.0 = Debug|Any CPU
		{96A91EB7-A22E-434D-8B9A-314978C60583}.Release|Any CPU.ActiveCfg = Release|Any CPU
		{96A91EB7-A22E-434D-8B9A-314978C60583}.Release|Any CPU.Build.0 = Release|Any CPU
		{3D2B70D4-26BE-4665-B9AD-63C76298A04F}.Debug|Any CPU.ActiveCfg = Debug|Any CPU
		{3D2B70D4-26BE-4665-B9AD-63C76298A04F}.Debug|Any CPU.Build.0 = Debug|Any CPU
		{3D2B70D4-26BE-4665-B9AD-63C76298A04F}.Release|Any CPU.ActiveCfg = Release|Any CPU
		{3D2B70D4-26BE-4665-B9AD-63C76298A04F}.Release|Any CPU.Build.0 = Release|Any CPU
		{E49A0DDC-B485-4D30-B77D-2CE3335BF54C}.Debug|Any CPU.ActiveCfg = Debug|Any CPU
		{E49A0DDC-B485-4D30-B77D-2CE3335BF54C}.Debug|Any CPU.Build.0 = Debug|Any CPU
		{E49A0DDC-B485-4D30-B77D-2CE3335BF54C}.Release|Any CPU.ActiveCfg = Release|Any CPU
		{E49A0DDC-B485-4D30-B77D-2CE3335BF54C}.Release|Any CPU.Build.0 = Release|Any CPU
	EndGlobalSection
	GlobalSection(SolutionProperties) = preSolution
		HideSolutionNode = FALSE
	EndGlobalSection
	GlobalSection(ExtensibilityGlobals) = postSolution
		SolutionGuid = {397BB1CA-BAAC-4177-BAD9-3D66E5DF86E6}
	EndGlobalSection
EndGlobal
